
Microsoft Visual Studio Solution File, Format Version 12.00
# Visual Studio 2012
Project("{2150E333-8FDC-42A3-9474-1A3956D46DE8}") = "Deployment", "Deployment", "{8EC08F9A-F59F-428B-8649-2BE238BACF7C}"
	ProjectSection(SolutionItems) = preProject
		IIS.Deployment\IIS.Deployment.btdfproj = IIS.Deployment\IIS.Deployment.btdfproj
		IIS.Deployment\InstallWizard.xml = IIS.Deployment\InstallWizard.xml
		IIS.Deployment\License.rtf = IIS.Deployment\License.rtf
		IIS.Deployment\PortBindingsMaster.xml = IIS.Deployment\PortBindingsMaster.xml
		IIS.Deployment\UnInstallWizard.xml = IIS.Deployment\UnInstallWizard.xml
	EndProjectSection
EndProject
Project("{FAE04EC0-301F-11D3-BF4B-00C04F79EFBC}") = "IIS", "IIS\IIS.btproj", "{850AFEB4-3732-441C-A21F-F8FF95070ACA}"
EndProject
Project("{FAE04EC0-301F-11D3-BF4B-00C04F79EFBC}") = "IIS.Service", "IIS.Service\IIS.Service.csproj", "{B704E6AE-DD11-475C-9B58-B622549031A2}"
EndProject
Project("{FAE04EC0-301F-11D3-BF4B-00C04F79EFBC}") = "IIS.Test", "IIS.Test\IIS.Test.csproj", "{26DBD4B5-9AB2-46A7-B00E-1F76DB86A97A}"
	ProjectSection(ProjectDependencies) = postProject
		{B704E6AE-DD11-475C-9B58-B622549031A2} = {B704E6AE-DD11-475C-9B58-B622549031A2}
	EndProjectSection
EndProject
Global
	GlobalSection(SolutionConfigurationPlatforms) = preSolution
		Debug|Any CPU = Debug|Any CPU
		Release|Any CPU = Release|Any CPU
	EndGlobalSection
	GlobalSection(ProjectConfigurationPlatforms) = postSolution
		{850AFEB4-3732-441C-A21F-F8FF95070ACA}.Debug|Any CPU.ActiveCfg = Debug|Any CPU
		{850AFEB4-3732-441C-A21F-F8FF95070ACA}.Debug|Any CPU.Build.0 = Debug|Any CPU
		{850AFEB4-3732-441C-A21F-F8FF95070ACA}.Release|Any CPU.ActiveCfg = Release|Any CPU
		{850AFEB4-3732-441C-A21F-F8FF95070ACA}.Release|Any CPU.Build.0 = Release|Any CPU
		{B704E6AE-DD11-475C-9B58-B622549031A2}.Debug|Any CPU.ActiveCfg = Debug|Any CPU
		{B704E6AE-DD11-475C-9B58-B622549031A2}.Debug|Any CPU.Build.0 = Debug|Any CPU
		{B704E6AE-DD11-475C-9B58-B622549031A2}.Release|Any CPU.ActiveCfg = Release|Any CPU
		{B704E6AE-DD11-475C-9B58-B622549031A2}.Release|Any CPU.Build.0 = Release|Any CPU
		{26DBD4B5-9AB2-46A7-B00E-1F76DB86A97A}.Debug|Any CPU.ActiveCfg = Debug|Any CPU
		{26DBD4B5-9AB2-46A7-B00E-1F76DB86A97A}.Debug|Any CPU.Build.0 = Debug|Any CPU
		{26DBD4B5-9AB2-46A7-B00E-1F76DB86A97A}.Release|Any CPU.ActiveCfg = Release|Any CPU
		{26DBD4B5-9AB2-46A7-B00E-1F76DB86A97A}.Release|Any CPU.Build.0 = Release|Any CPU
	EndGlobalSection
	GlobalSection(SolutionProperties) = preSolution
		HideSolutionNode = FALSE
	EndGlobalSection
EndGlobal
