
Microsoft Visual Studio Solution File, Format Version 11.00
# Visual Studio 2010
Project("{FAE04EC0-301F-11D3-BF4B-00C04F79EFBC}") = "BizTalkDeploymentFramework.Tasks", "BizTalkDeploymentFramework.Tasks\BizTalkDeploymentFramework.Tasks.csproj", "{0378909C-0FED-49D7-B685-DF2184DDB0D1}"
EndProject
Global
	GlobalSection(SolutionConfigurationPlatforms) = preSolution
		Debug|Any CPU = Debug|Any CPU
		Release|Any CPU = Release|Any CPU
	EndGlobalSection
	GlobalSection(ProjectConfigurationPlatforms) = postSolution
		{0378909C-0FED-49D7-B685-DF2184DDB0D1}.Debug|Any CPU.ActiveCfg = Debug|Any CPU
		{0378909C-0FED-49D7-B685-DF2184DDB0D1}.Debug|Any CPU.Build.0 = Debug|Any CPU
		{0378909C-0FED-49D7-B685-DF2184DDB0D1}.Release|Any CPU.ActiveCfg = Release|Any CPU
		{0378909C-0FED-49D7-B685-DF2184DDB0D1}.Release|Any CPU.Build.0 = Release|Any CPU
	EndGlobalSection
	GlobalSection(SolutionProperties) = preSolution
		HideSolutionNode = FALSE
	EndGlobalSection
EndGlobal
