
Microsoft Visual Studio Solution File, Format Version 11.00
# Visual Studio 2010
Project("{FAE04EC0-301F-11D3-BF4B-00C04F79EFBC}") = "VisualStudioAddIn", "VisualStudioAddIn\VisualStudioAddIn.csproj", "{A4F3C08F-808A-4200-BC09-A0A9957CC43A}"
EndProject
Project("{FAE04EC0-301F-11D3-BF4B-00C04F79EFBC}") = "VisualStudioAddIn.ProjectWizard", "VisualStudioAddIn.ProjectWizard\VisualStudioAddIn.ProjectWizard.csproj", "{28B24CC9-42D8-46AA-B19D-1CD3D1A376B5}"
EndProject
Project("{FAE04EC0-301F-11D3-BF4B-00C04F79EFBC}") = "VisualStudioAddIn.ProjectWizard.Test", "VisualStudioAddIn.ProjectWizard.Test\VisualStudioAddIn.ProjectWizard.Test.csproj", "{3B7DD033-BE61-4C6D-99FD-1A6F4EBDEF53}"
EndProject
Global
	GlobalSection(SolutionConfigurationPlatforms) = preSolution
		Debug|Any CPU = Debug|Any CPU
		Release|Any CPU = Release|Any CPU
	EndGlobalSection
	GlobalSection(ProjectConfigurationPlatforms) = postSolution
		{A4F3C08F-808A-4200-BC09-A0A9957CC43A}.Debug|Any CPU.ActiveCfg = Debug|Any CPU
		{A4F3C08F-808A-4200-BC09-A0A9957CC43A}.Debug|Any CPU.Build.0 = Debug|Any CPU
		{A4F3C08F-808A-4200-BC09-A0A9957CC43A}.Release|Any CPU.ActiveCfg = Release|Any CPU
		{A4F3C08F-808A-4200-BC09-A0A9957CC43A}.Release|Any CPU.Build.0 = Release|Any CPU
		{28B24CC9-42D8-46AA-B19D-1CD3D1A376B5}.Debug|Any CPU.ActiveCfg = Debug|Any CPU
		{28B24CC9-42D8-46AA-B19D-1CD3D1A376B5}.Debug|Any CPU.Build.0 = Debug|Any CPU
		{28B24CC9-42D8-46AA-B19D-1CD3D1A376B5}.Release|Any CPU.ActiveCfg = Release|Any CPU
		{28B24CC9-42D8-46AA-B19D-1CD3D1A376B5}.Release|Any CPU.Build.0 = Release|Any CPU
		{3B7DD033-BE61-4C6D-99FD-1A6F4EBDEF53}.Debug|Any CPU.ActiveCfg = Debug|Any CPU
		{3B7DD033-BE61-4C6D-99FD-1A6F4EBDEF53}.Debug|Any CPU.Build.0 = Debug|Any CPU
		{3B7DD033-BE61-4C6D-99FD-1A6F4EBDEF53}.Release|Any CPU.ActiveCfg = Release|Any CPU
		{3B7DD033-BE61-4C6D-99FD-1A6F4EBDEF53}.Release|Any CPU.Build.0 = Release|Any CPU
	EndGlobalSection
	GlobalSection(SolutionProperties) = preSolution
		HideSolutionNode = FALSE
	EndGlobalSection
EndGlobal
