Microsoft Visual Studio Solution File, Format Version 11.00
# Visual Studio 2010
Project("{2150E333-8FDC-42A3-9474-1A3956D46DE8}") = "Solution Items", "Solution Items", "{3EEF322B-053E-444B-B29B-05E671CBC37D}"
	ProjectSection(SolutionItems) = preProject
		ElementTunnel.vsmdi = ElementTunnel.vsmdi
		LocalTestRun.testrunconfig = LocalTestRun.testrunconfig
	EndProjectSection
EndProject
Project("{FAE04EC0-301F-11D3-BF4B-00C04F79EFBC}") = "ElementTunnel", "ElementTunnel\ElementTunnel.csproj", "{06AA15DD-CB49-4796-97A1-C71E97863917}"
EndProject
Project("{FAE04EC0-301F-11D3-BF4B-00C04F79EFBC}") = "ElementTunnel.Tests", "ElementTunnel.Tests\ElementTunnel.Tests.csproj", "{8899B962-D92A-457D-AC77-A546583EB0C6}"
EndProject
Global
	GlobalSection(TestCaseManagementSettings) = postSolution
		CategoryFile = ElementTunnel.vsmdi
	EndGlobalSection
	GlobalSection(SolutionConfigurationPlatforms) = preSolution
		Debug|Any CPU = Debug|Any CPU
		Release|Any CPU = Release|Any CPU
	EndGlobalSection
	GlobalSection(ProjectConfigurationPlatforms) = postSolution
		{06AA15DD-CB49-4796-97A1-C71E97863917}.Debug|Any CPU.ActiveCfg = Debug|Any CPU
		{06AA15DD-CB49-4796-97A1-C71E97863917}.Debug|Any CPU.Build.0 = Debug|Any CPU
		{06AA15DD-CB49-4796-97A1-C71E97863917}.Release|Any CPU.ActiveCfg = Release|Any CPU
		{06AA15DD-CB49-4796-97A1-C71E97863917}.Release|Any CPU.Build.0 = Release|Any CPU
		{8899B962-D92A-457D-AC77-A546583EB0C6}.Debug|Any CPU.ActiveCfg = Debug|Any CPU
		{8899B962-D92A-457D-AC77-A546583EB0C6}.Debug|Any CPU.Build.0 = Debug|Any CPU
		{8899B962-D92A-457D-AC77-A546583EB0C6}.Release|Any CPU.ActiveCfg = Release|Any CPU
	EndGlobalSection
	GlobalSection(SolutionProperties) = preSolution
		HideSolutionNode = FALSE
	EndGlobalSection
EndGlobal
