Microsoft Visual Studio Solution File, Format Version 9.00
# Visual Studio 2005
Project("{EF7E3281-CD33-11D4-8326-00C04FA0CE8D}") = "Orchestrations", "Orchestrations\Orchestrations.btproj", "{9365AFE8-091E-4783-8AB0-21D5C0D1694C}"
EndProject
Project("{EF7E3281-CD33-11D4-8326-00C04FA0CE8D}") = "Schemas", "Schemas\Schemas.btproj", "{591308AF-430A-4DA7-8491-4D9EE640E97D}"
EndProject
Project("{EF7E3281-CD33-11D4-8326-00C04FA0CE8D}") = "Transforms", "Transforms\Transforms.btproj", "{1D490FE8-42F2-4B80-BC61-3E21BE1D6EA0}"
EndProject
Project("{FAE04EC0-301F-11D3-BF4B-00C04F79EFBC}") = "Components", "Components\Components.csproj", "{7B759E2F-55AD-4EB8-A062-B3B8114FC77D}"
EndProject
Project("{FAE04EC0-301F-11D3-BF4B-00C04F79EFBC}") = "DeploymentTest", "DeploymentTest\DeploymentTest.csproj", "{26DBD4B5-9AB2-46A7-B00E-1F76DB86A97A}"
EndProject
Project("{2150E333-8FDC-42A3-9474-1A3956D46DE8}") = "Solution Items", "Solution Items", "{133886BE-5E45-4467-9C02-E07B861329ED}"
	ProjectSection(SolutionItems) = preProject
		Deployment\Deployment.btdfproj = Deployment\Deployment.btdfproj
		DeploymentFramework.Samples.Advanced.log4net = DeploymentFramework.Samples.Advanced.log4net
		Deployment\InstallWizard.xml = Deployment\InstallWizard.xml
		Deployment\PortBindingsMaster.xml = Deployment\PortBindingsMaster.xml
		Deployment\UnInstallWizard.xml = Deployment\UnInstallWizard.xml
	EndProjectSection
EndProject
Global
	GlobalSection(SolutionConfigurationPlatforms) = preSolution
		Debug|.NET = Debug|.NET
		Debug|Any CPU = Debug|Any CPU
		Debug|Mixed Platforms = Debug|Mixed Platforms
		Release|.NET = Release|.NET
		Release|Any CPU = Release|Any CPU
		Release|Mixed Platforms = Release|Mixed Platforms
	EndGlobalSection
	GlobalSection(ProjectConfigurationPlatforms) = postSolution
		{9365AFE8-091E-4783-8AB0-21D5C0D1694C}.Debug|.NET.ActiveCfg = Debug|.NET
		{9365AFE8-091E-4783-8AB0-21D5C0D1694C}.Debug|.NET.Build.0 = Debug|.NET
		{9365AFE8-091E-4783-8AB0-21D5C0D1694C}.Debug|.NET.Deploy.0 = Debug|.NET
		{9365AFE8-091E-4783-8AB0-21D5C0D1694C}.Debug|Any CPU.ActiveCfg = Debug|.NET
		{9365AFE8-091E-4783-8AB0-21D5C0D1694C}.Debug|Mixed Platforms.ActiveCfg = Debug|.NET
		{9365AFE8-091E-4783-8AB0-21D5C0D1694C}.Debug|Mixed Platforms.Build.0 = Debug|.NET
		{9365AFE8-091E-4783-8AB0-21D5C0D1694C}.Release|.NET.ActiveCfg = Release|.NET
		{9365AFE8-091E-4783-8AB0-21D5C0D1694C}.Release|.NET.Build.0 = Release|.NET
		{9365AFE8-091E-4783-8AB0-21D5C0D1694C}.Release|.NET.Deploy.0 = Release|.NET
		{9365AFE8-091E-4783-8AB0-21D5C0D1694C}.Release|Any CPU.ActiveCfg = Release|.NET
		{9365AFE8-091E-4783-8AB0-21D5C0D1694C}.Release|Mixed Platforms.ActiveCfg = Release|.NET
		{9365AFE8-091E-4783-8AB0-21D5C0D1694C}.Release|Mixed Platforms.Build.0 = Release|.NET
		{591308AF-430A-4DA7-8491-4D9EE640E97D}.Debug|.NET.ActiveCfg = Debug|.NET
		{591308AF-430A-4DA7-8491-4D9EE640E97D}.Debug|.NET.Build.0 = Debug|.NET
		{591308AF-430A-4DA7-8491-4D9EE640E97D}.Debug|.NET.Deploy.0 = Debug|.NET
		{591308AF-430A-4DA7-8491-4D9EE640E97D}.Debug|Any CPU.ActiveCfg = Debug|.NET
		{591308AF-430A-4DA7-8491-4D9EE640E97D}.Debug|Mixed Platforms.ActiveCfg = Debug|.NET
		{591308AF-430A-4DA7-8491-4D9EE640E97D}.Debug|Mixed Platforms.Build.0 = Debug|.NET
		{591308AF-430A-4DA7-8491-4D9EE640E97D}.Release|.NET.ActiveCfg = Release|.NET
		{591308AF-430A-4DA7-8491-4D9EE640E97D}.Release|.NET.Build.0 = Release|.NET
		{591308AF-430A-4DA7-8491-4D9EE640E97D}.Release|.NET.Deploy.0 = Release|.NET
		{591308AF-430A-4DA7-8491-4D9EE640E97D}.Release|Any CPU.ActiveCfg = Release|.NET
		{591308AF-430A-4DA7-8491-4D9EE640E97D}.Release|Mixed Platforms.ActiveCfg = Release|.NET
		{591308AF-430A-4DA7-8491-4D9EE640E97D}.Release|Mixed Platforms.Build.0 = Release|.NET
		{1D490FE8-42F2-4B80-BC61-3E21BE1D6EA0}.Debug|.NET.ActiveCfg = Debug|.NET
		{1D490FE8-42F2-4B80-BC61-3E21BE1D6EA0}.Debug|.NET.Build.0 = Debug|.NET
		{1D490FE8-42F2-4B80-BC61-3E21BE1D6EA0}.Debug|.NET.Deploy.0 = Debug|.NET
		{1D490FE8-42F2-4B80-BC61-3E21BE1D6EA0}.Debug|Any CPU.ActiveCfg = Debug|.NET
		{1D490FE8-42F2-4B80-BC61-3E21BE1D6EA0}.Debug|Mixed Platforms.ActiveCfg = Debug|.NET
		{1D490FE8-42F2-4B80-BC61-3E21BE1D6EA0}.Debug|Mixed Platforms.Build.0 = Debug|.NET
		{1D490FE8-42F2-4B80-BC61-3E21BE1D6EA0}.Release|.NET.ActiveCfg = Release|.NET
		{1D490FE8-42F2-4B80-BC61-3E21BE1D6EA0}.Release|.NET.Build.0 = Release|.NET
		{1D490FE8-42F2-4B80-BC61-3E21BE1D6EA0}.Release|.NET.Deploy.0 = Release|.NET
		{1D490FE8-42F2-4B80-BC61-3E21BE1D6EA0}.Release|Any CPU.ActiveCfg = Release|.NET
		{1D490FE8-42F2-4B80-BC61-3E21BE1D6EA0}.Release|Mixed Platforms.ActiveCfg = Release|.NET
		{1D490FE8-42F2-4B80-BC61-3E21BE1D6EA0}.Release|Mixed Platforms.Build.0 = Release|.NET
		{7B759E2F-55AD-4EB8-A062-B3B8114FC77D}.Debug|.NET.ActiveCfg = Debug|Any CPU
		{7B759E2F-55AD-4EB8-A062-B3B8114FC77D}.Debug|Any CPU.ActiveCfg = Debug|Any CPU
		{7B759E2F-55AD-4EB8-A062-B3B8114FC77D}.Debug|Any CPU.Build.0 = Debug|Any CPU
		{7B759E2F-55AD-4EB8-A062-B3B8114FC77D}.Debug|Mixed Platforms.ActiveCfg = Debug|Any CPU
		{7B759E2F-55AD-4EB8-A062-B3B8114FC77D}.Debug|Mixed Platforms.Build.0 = Debug|Any CPU
		{7B759E2F-55AD-4EB8-A062-B3B8114FC77D}.Release|.NET.ActiveCfg = Release|Any CPU
		{7B759E2F-55AD-4EB8-A062-B3B8114FC77D}.Release|Any CPU.ActiveCfg = Release|Any CPU
		{7B759E2F-55AD-4EB8-A062-B3B8114FC77D}.Release|Any CPU.Build.0 = Release|Any CPU
		{7B759E2F-55AD-4EB8-A062-B3B8114FC77D}.Release|Mixed Platforms.ActiveCfg = Release|Any CPU
		{7B759E2F-55AD-4EB8-A062-B3B8114FC77D}.Release|Mixed Platforms.Build.0 = Release|Any CPU
		{26DBD4B5-9AB2-46A7-B00E-1F76DB86A97A}.Debug|.NET.ActiveCfg = Debug|Any CPU
		{26DBD4B5-9AB2-46A7-B00E-1F76DB86A97A}.Debug|Any CPU.ActiveCfg = Debug|Any CPU
		{26DBD4B5-9AB2-46A7-B00E-1F76DB86A97A}.Debug|Any CPU.Build.0 = Debug|Any CPU
		{26DBD4B5-9AB2-46A7-B00E-1F76DB86A97A}.Debug|Mixed Platforms.ActiveCfg = Debug|Any CPU
		{26DBD4B5-9AB2-46A7-B00E-1F76DB86A97A}.Debug|Mixed Platforms.Build.0 = Debug|Any CPU
		{26DBD4B5-9AB2-46A7-B00E-1F76DB86A97A}.Release|.NET.ActiveCfg = Release|Any CPU
		{26DBD4B5-9AB2-46A7-B00E-1F76DB86A97A}.Release|Any CPU.ActiveCfg = Release|Any CPU
		{26DBD4B5-9AB2-46A7-B00E-1F76DB86A97A}.Release|Any CPU.Build.0 = Release|Any CPU
		{26DBD4B5-9AB2-46A7-B00E-1F76DB86A97A}.Release|Mixed Platforms.ActiveCfg = Release|Any CPU
		{26DBD4B5-9AB2-46A7-B00E-1F76DB86A97A}.Release|Mixed Platforms.Build.0 = Release|Any CPU
	EndGlobalSection
	GlobalSection(SolutionProperties) = preSolution
		HideSolutionNode = FALSE
	EndGlobalSection
EndGlobal
