
Microsoft Visual Studio Solution File, Format Version 11.00
# Visual Studio 2010
Project("{2150E333-8FDC-42A3-9474-1A3956D46DE8}") = "Deployment", "Deployment", "{8EC08F9A-F59F-428B-8649-2BE238BACF7C}"
	ProjectSection(SolutionItems) = preProject
		HelloWorld.Deployment\HelloWorld.Deployment.btdfproj = HelloWorld.Deployment\HelloWorld.Deployment.btdfproj
		HelloWorld.Deployment\InstallWizard.xml = HelloWorld.Deployment\InstallWizard.xml
		HelloWorld.Deployment\License.rtf = HelloWorld.Deployment\License.rtf
		HelloWorld.Deployment\PortBindings.xml = HelloWorld.Deployment\PortBindings.xml
		HelloWorld.Deployment\UnInstallWizard.xml = HelloWorld.Deployment\UnInstallWizard.xml
	EndProjectSection
EndProject
Project("{FAE04EC0-301F-11D3-BF4B-00C04F79EFBC}") = "HelloWorld", "HelloWorld\HelloWorld.btproj", "{8AD226B9-29BC-4FE8-A764-E7270B69EED4}"
EndProject
Global
	GlobalSection(SolutionConfigurationPlatforms) = preSolution
		Debug|Any CPU = Debug|Any CPU
		Release|Any CPU = Release|Any CPU
	EndGlobalSection
	GlobalSection(ProjectConfigurationPlatforms) = postSolution
		{8AD226B9-29BC-4FE8-A764-E7270B69EED4}.Debug|Any CPU.ActiveCfg = Debug|Any CPU
		{8AD226B9-29BC-4FE8-A764-E7270B69EED4}.Debug|Any CPU.Build.0 = Debug|Any CPU
		{8AD226B9-29BC-4FE8-A764-E7270B69EED4}.Release|Any CPU.ActiveCfg = Release|Any CPU
		{8AD226B9-29BC-4FE8-A764-E7270B69EED4}.Release|Any CPU.Build.0 = Release|Any CPU
	EndGlobalSection
	GlobalSection(SolutionProperties) = preSolution
		HideSolutionNode = FALSE
	EndGlobalSection
EndGlobal
