Microsoft Visual Studio Solution File, Format Version 11.00
# Visual Studio 2010
Project("{FAE04EC0-301F-11D3-BF4B-00C04F79EFBC}") = "log4net.Ext.Serializable", "log4net.Ext.Serializable.csproj", "{5501E23D-8B1A-47AB-B4FB-2AA4B4F4F484}"
EndProject
Project("{FAE04EC0-301F-11D3-BF4B-00C04F79EFBC}") = "log4net.Ext.Serializable.UnitTest", "log4net.Ext.Serializable.UnitTest\log4net.Ext.Serializable.UnitTest.csproj", "{171A2F09-F722-4BC1-B1A1-B26A6FC5B20B}"
EndProject
Global
	GlobalSection(SolutionConfigurationPlatforms) = preSolution
		Debug|Any CPU = Debug|Any CPU
		Release|Any CPU = Release|Any CPU
	EndGlobalSection
	GlobalSection(ProjectConfigurationPlatforms) = postSolution
		{5501E23D-8B1A-47AB-B4FB-2AA4B4F4F484}.Debug|Any CPU.ActiveCfg = Debug|Any CPU
		{5501E23D-8B1A-47AB-B4FB-2AA4B4F4F484}.Debug|Any CPU.Build.0 = Debug|Any CPU
		{5501E23D-8B1A-47AB-B4FB-2AA4B4F4F484}.Release|Any CPU.ActiveCfg = Release|Any CPU
		{5501E23D-8B1A-47AB-B4FB-2AA4B4F4F484}.Release|Any CPU.Build.0 = Release|Any CPU
		{171A2F09-F722-4BC1-B1A1-B26A6FC5B20B}.Debug|Any CPU.ActiveCfg = Debug|Any CPU
		{171A2F09-F722-4BC1-B1A1-B26A6FC5B20B}.Debug|Any CPU.Build.0 = Debug|Any CPU
		{171A2F09-F722-4BC1-B1A1-B26A6FC5B20B}.Release|Any CPU.ActiveCfg = Release|Any CPU
		{171A2F09-F722-4BC1-B1A1-B26A6FC5B20B}.Release|Any CPU.Build.0 = Release|Any CPU
	EndGlobalSection
	GlobalSection(SolutionProperties) = preSolution
		HideSolutionNode = FALSE
	EndGlobalSection
EndGlobal
