
Microsoft Visual Studio Solution File, Format Version 11.00
# Visual Studio 2010
Project("{2150E333-8FDC-42A3-9474-1A3956D46DE8}") = "Deployment", "Deployment", "{8EC08F9A-F59F-428B-8649-2BE238BACF7C}"
	ProjectSection(SolutionItems) = preProject
		ESBToolkitSSOResolver.Deployment\ESBToolkitSSOResolver.Deployment.btdfproj = ESBToolkitSSOResolver.Deployment\ESBToolkitSSOResolver.Deployment.btdfproj
		ESBToolkitSSOResolver.Deployment\InstallWizard.xml = ESBToolkitSSOResolver.Deployment\InstallWizard.xml
		ESBToolkitSSOResolver.Deployment\License.rtf = ESBToolkitSSOResolver.Deployment\License.rtf
		ESBToolkitSSOResolver.Deployment\PortBindingsMaster.xml = ESBToolkitSSOResolver.Deployment\PortBindingsMaster.xml
		ESBToolkitSSOResolver.Deployment\UnInstallWizard.xml = ESBToolkitSSOResolver.Deployment\UnInstallWizard.xml
	EndProjectSection
EndProject
Project("{FAE04EC0-301F-11D3-BF4B-00C04F79EFBC}") = "ESBToolkitSSOResolver", "ESBToolkitSSOResolver\ESBToolkitSSOResolver.btproj", "{850AFEB4-3732-441C-A21F-F8FF95070ACA}"
EndProject
Project("{FAE04EC0-301F-11D3-BF4B-00C04F79EFBC}") = "ESBToolkitSSOResolver.Itineraries", "ESBToolkitSSOResolver.Itineraries\ESBToolkitSSOResolver.Itineraries.csproj", "{CB2C7C8E-873C-490A-8D9C-648020A56D5C}"
EndProject
Global
	GlobalSection(SolutionConfigurationPlatforms) = preSolution
		Debug|Any CPU = Debug|Any CPU
		Release|Any CPU = Release|Any CPU
	EndGlobalSection
	GlobalSection(ProjectConfigurationPlatforms) = postSolution
		{850AFEB4-3732-441C-A21F-F8FF95070ACA}.Debug|Any CPU.ActiveCfg = Debug|Any CPU
		{850AFEB4-3732-441C-A21F-F8FF95070ACA}.Debug|Any CPU.Build.0 = Debug|Any CPU
		{850AFEB4-3732-441C-A21F-F8FF95070ACA}.Release|Any CPU.ActiveCfg = Release|Any CPU
		{850AFEB4-3732-441C-A21F-F8FF95070ACA}.Release|Any CPU.Build.0 = Release|Any CPU
		{CB2C7C8E-873C-490A-8D9C-648020A56D5C}.Debug|Any CPU.ActiveCfg = Debug|Any CPU
		{CB2C7C8E-873C-490A-8D9C-648020A56D5C}.Debug|Any CPU.Build.0 = Debug|Any CPU
		{CB2C7C8E-873C-490A-8D9C-648020A56D5C}.Release|Any CPU.ActiveCfg = Release|Any CPU
		{CB2C7C8E-873C-490A-8D9C-648020A56D5C}.Release|Any CPU.Build.0 = Release|Any CPU
	EndGlobalSection
	GlobalSection(SolutionProperties) = preSolution
		HideSolutionNode = FALSE
	EndGlobalSection
EndGlobal
