Microsoft Visual Studio Solution File, Format Version 9.00
# Visual Studio 2005
Project("{FAE04EC0-301F-11D3-BF4B-00C04F79EFBC}") = "BizTalk.NAnt.Tasks", "BizTalk.NAnt.Tasks.csproj", "{3B656A2A-54F1-4B56-8A4F-E2D492CCA4EB}"
EndProject
Global
	GlobalSection(SolutionConfigurationPlatforms) = preSolution
		Debug|Any CPU = Debug|Any CPU
		Release|Any CPU = Release|Any CPU
	EndGlobalSection
	GlobalSection(ProjectConfigurationPlatforms) = postSolution
		{3B656A2A-54F1-4B56-8A4F-E2D492CCA4EB}.Debug|Any CPU.ActiveCfg = Debug|Any CPU
		{3B656A2A-54F1-4B56-8A4F-E2D492CCA4EB}.Debug|Any CPU.Build.0 = Debug|Any CPU
		{3B656A2A-54F1-4B56-8A4F-E2D492CCA4EB}.Release|Any CPU.ActiveCfg = Release|Any CPU
		{3B656A2A-54F1-4B56-8A4F-E2D492CCA4EB}.Release|Any CPU.Build.0 = Release|Any CPU
	EndGlobalSection
	GlobalSection(SolutionProperties) = preSolution
		HideSolutionNode = FALSE
	EndGlobalSection
EndGlobal
