
Microsoft Visual Studio Solution File, Format Version 12.00
# Visual Studio 2010
Project("{FAE04EC0-301F-11D3-BF4B-00C04F79EFBC}") = "ESB.Resolver.Sso", "ESB.Resolver.SSO\ESB.Resolver.Sso.csproj", "{FCD02688-FA14-4A55-A31B-E09CB9026E14}"
EndProject
Project("{FAE04EC0-301F-11D3-BF4B-00C04F79EFBC}") = "ESB.Resolver.Sso.TestItineraries", "ESB.Resolver.Sso.TestItineraries\ESB.Resolver.Sso.TestItineraries.csproj", "{A7931CDE-13E3-47F2-9E7B-C077FF093CCA}"
EndProject
Project("{FAE04EC0-301F-11D3-BF4B-00C04F79EFBC}") = "Services.Extenders.Resolvers.Sso", "Services.Extenders.Resolvers.Sso\Services.Extenders.Resolvers.Sso.csproj", "{BE69F62F-D237-44B2-9D9C-64E79A4CB8D1}"
EndProject
Global
	GlobalSection(SolutionConfigurationPlatforms) = preSolution
		Debug|Any CPU = Debug|Any CPU
		Release|Any CPU = Release|Any CPU
	EndGlobalSection
	GlobalSection(ProjectConfigurationPlatforms) = postSolution
		{FCD02688-FA14-4A55-A31B-E09CB9026E14}.Debug|Any CPU.ActiveCfg = Debug|Any CPU
		{FCD02688-FA14-4A55-A31B-E09CB9026E14}.Debug|Any CPU.Build.0 = Debug|Any CPU
		{FCD02688-FA14-4A55-A31B-E09CB9026E14}.Release|Any CPU.ActiveCfg = Release|Any CPU
		{FCD02688-FA14-4A55-A31B-E09CB9026E14}.Release|Any CPU.Build.0 = Release|Any CPU
		{A7931CDE-13E3-47F2-9E7B-C077FF093CCA}.Debug|Any CPU.ActiveCfg = Debug|Any CPU
		{A7931CDE-13E3-47F2-9E7B-C077FF093CCA}.Debug|Any CPU.Build.0 = Debug|Any CPU
		{A7931CDE-13E3-47F2-9E7B-C077FF093CCA}.Release|Any CPU.ActiveCfg = Release|Any CPU
		{A7931CDE-13E3-47F2-9E7B-C077FF093CCA}.Release|Any CPU.Build.0 = Release|Any CPU
		{BE69F62F-D237-44B2-9D9C-64E79A4CB8D1}.Debug|Any CPU.ActiveCfg = Debug|Any CPU
		{BE69F62F-D237-44B2-9D9C-64E79A4CB8D1}.Debug|Any CPU.Build.0 = Debug|Any CPU
		{BE69F62F-D237-44B2-9D9C-64E79A4CB8D1}.Release|Any CPU.ActiveCfg = Release|Any CPU
		{BE69F62F-D237-44B2-9D9C-64E79A4CB8D1}.Release|Any CPU.Build.0 = Release|Any CPU
	EndGlobalSection
	GlobalSection(SolutionProperties) = preSolution
		HideSolutionNode = FALSE
	EndGlobalSection
EndGlobal
