Microsoft Visual Studio Solution File, Format Version 8.00
Project("{FAE04EC0-301F-11D3-BF4B-00C04F79EFBC}") = "ElementTunnel", "ElementTunnel.csproj", "{06AA15DD-CB49-4796-97A1-C71E97863917}"
	ProjectSection(ProjectDependencies) = postProject
	EndProjectSection
EndProject
Global
	GlobalSection(SolutionConfiguration) = preSolution
		Debug = Debug
		Release = Release
	EndGlobalSection
	GlobalSection(ProjectConfiguration) = postSolution
		{06AA15DD-CB49-4796-97A1-C71E97863917}.Debug.ActiveCfg = Debug|.NET
		{06AA15DD-CB49-4796-97A1-C71E97863917}.Debug.Build.0 = Debug|.NET
		{06AA15DD-CB49-4796-97A1-C71E97863917}.Release.ActiveCfg = Release|.NET
		{06AA15DD-CB49-4796-97A1-C71E97863917}.Release.Build.0 = Release|.NET
	EndGlobalSection
	GlobalSection(ExtensibilityGlobals) = postSolution
	EndGlobalSection
	GlobalSection(ExtensibilityAddIns) = postSolution
	EndGlobalSection
EndGlobal
