
Microsoft Visual Studio Solution File, Format Version 9.00
# Visual Studio 2005
Project("{FAE04EC0-301F-11D3-BF4B-00C04F79EFBC}") = "NAnt.ColorConsoleLogger", "NAnt.ColorConsoleLogger.csproj", "{6BAD6851-01ED-4CFE-A3B8-8C8EB978D567}"
EndProject
Global
	GlobalSection(SolutionConfigurationPlatforms) = preSolution
		Debug|Any CPU = Debug|Any CPU
		Release|Any CPU = Release|Any CPU
	EndGlobalSection
	GlobalSection(ProjectConfigurationPlatforms) = postSolution
		{6BAD6851-01ED-4CFE-A3B8-8C8EB978D567}.Debug|Any CPU.ActiveCfg = Debug|Any CPU
		{6BAD6851-01ED-4CFE-A3B8-8C8EB978D567}.Debug|Any CPU.Build.0 = Debug|Any CPU
		{6BAD6851-01ED-4CFE-A3B8-8C8EB978D567}.Release|Any CPU.ActiveCfg = Release|Any CPU
		{6BAD6851-01ED-4CFE-A3B8-8C8EB978D567}.Release|Any CPU.Build.0 = Release|Any CPU
	EndGlobalSection
	GlobalSection(SolutionProperties) = preSolution
		HideSolutionNode = FALSE
	EndGlobalSection
EndGlobal
