Microsoft Visual Studio Solution File, Format Version 12.00
# Visual Studio 2010
Project("{FAE04EC0-301F-11D3-BF4B-00C04F79EFBC}") = "SSOSettingsFileImport", "SSOSettingsFileImport\SSOSettingsFileImport.csproj", "{E0EBBEBE-EBCA-4936-B46C-C2EAE9B943B7}"
EndProject
Project("{FAE04EC0-301F-11D3-BF4B-00C04F79EFBC}") = "SSOSettingsFileReader", "SSOSettingsFileReader\SSOSettingsFileReader.csproj", "{C4567289-1146-4D71-A3F4-7A2D997F6161}"
EndProject
Project("{FAE04EC0-301F-11D3-BF4B-00C04F79EFBC}") = "SSOSettingsEditor", "SSOSettingsEditor\SSOSettingsEditor.csproj", "{266A5ED6-DC88-4502-B3B7-B82F755B637A}"
EndProject
Project("{FAE04EC0-301F-11D3-BF4B-00C04F79EFBC}") = "SSOSettingsFileReader.UnitTests", "SSOSettingsFileReader.UnitTests\SSOSettingsFileReader.UnitTests.csproj", "{B04DD610-3C48-4614-8068-59066AAED9B9}"
EndProject
Global
	GlobalSection(SolutionConfigurationPlatforms) = preSolution
		Debug|Any CPU = Debug|Any CPU
		Release|Any CPU = Release|Any CPU
	EndGlobalSection
	GlobalSection(ProjectConfigurationPlatforms) = postSolution
		{E0EBBEBE-EBCA-4936-B46C-C2EAE9B943B7}.Debug|Any CPU.ActiveCfg = Debug|Any CPU
		{E0EBBEBE-EBCA-4936-B46C-C2EAE9B943B7}.Debug|Any CPU.Build.0 = Debug|Any CPU
		{E0EBBEBE-EBCA-4936-B46C-C2EAE9B943B7}.Release|Any CPU.ActiveCfg = Release|Any CPU
		{E0EBBEBE-EBCA-4936-B46C-C2EAE9B943B7}.Release|Any CPU.Build.0 = Release|Any CPU
		{C4567289-1146-4D71-A3F4-7A2D997F6161}.Debug|Any CPU.ActiveCfg = Debug|Any CPU
		{C4567289-1146-4D71-A3F4-7A2D997F6161}.Debug|Any CPU.Build.0 = Debug|Any CPU
		{C4567289-1146-4D71-A3F4-7A2D997F6161}.Release|Any CPU.ActiveCfg = Release|Any CPU
		{C4567289-1146-4D71-A3F4-7A2D997F6161}.Release|Any CPU.Build.0 = Release|Any CPU
		{266A5ED6-DC88-4502-B3B7-B82F755B637A}.Debug|Any CPU.ActiveCfg = Debug|Any CPU
		{266A5ED6-DC88-4502-B3B7-B82F755B637A}.Debug|Any CPU.Build.0 = Debug|Any CPU
		{266A5ED6-DC88-4502-B3B7-B82F755B637A}.Release|Any CPU.ActiveCfg = Release|Any CPU
		{266A5ED6-DC88-4502-B3B7-B82F755B637A}.Release|Any CPU.Build.0 = Release|Any CPU
		{B04DD610-3C48-4614-8068-59066AAED9B9}.Debug|Any CPU.ActiveCfg = Debug|Any CPU
		{B04DD610-3C48-4614-8068-59066AAED9B9}.Debug|Any CPU.Build.0 = Debug|Any CPU
		{B04DD610-3C48-4614-8068-59066AAED9B9}.Release|Any CPU.ActiveCfg = Release|Any CPU
		{B04DD610-3C48-4614-8068-59066AAED9B9}.Release|Any CPU.Build.0 = Release|Any CPU
	EndGlobalSection
	GlobalSection(SolutionProperties) = preSolution
		HideSolutionNode = FALSE
	EndGlobalSection
EndGlobal
