
Microsoft Visual Studio Solution File, Format Version 11.00
# Visual Studio 2010
Project("{2150E333-8FDC-42A3-9474-1A3956D46DE8}") = "Deployment", "Deployment", "{8EC08F9A-F59F-428B-8649-2BE238BACF7C}"
	ProjectSection(SolutionItems) = preProject
		BasicMasterBindings.Deployment\BasicMasterBindings.Deployment.btdfproj = BasicMasterBindings.Deployment\BasicMasterBindings.Deployment.btdfproj
		BasicMasterBindings.Deployment\InstallWizard.xml = BasicMasterBindings.Deployment\InstallWizard.xml
		BasicMasterBindings.Deployment\License.rtf = BasicMasterBindings.Deployment\License.rtf
		BasicMasterBindings.Deployment\PortBindingsMaster.xml = BasicMasterBindings.Deployment\PortBindingsMaster.xml
		BasicMasterBindings.Deployment\UnInstallWizard.xml = BasicMasterBindings.Deployment\UnInstallWizard.xml
	EndProjectSection
EndProject
Project("{FAE04EC0-301F-11D3-BF4B-00C04F79EFBC}") = "BasicMasterBindings", "BasicMasterBindings\BasicMasterBindings.btproj", "{850AFEB4-3732-441C-A21F-F8FF95070ACA}"
EndProject
Global
	GlobalSection(SolutionConfigurationPlatforms) = preSolution
		Debug|Any CPU = Debug|Any CPU
		Release|Any CPU = Release|Any CPU
	EndGlobalSection
	GlobalSection(ProjectConfigurationPlatforms) = postSolution
		{850AFEB4-3732-441C-A21F-F8FF95070ACA}.Debug|Any CPU.ActiveCfg = Debug|Any CPU
		{850AFEB4-3732-441C-A21F-F8FF95070ACA}.Debug|Any CPU.Build.0 = Debug|Any CPU
		{850AFEB4-3732-441C-A21F-F8FF95070ACA}.Release|Any CPU.ActiveCfg = Release|Any CPU
		{850AFEB4-3732-441C-A21F-F8FF95070ACA}.Release|Any CPU.Build.0 = Release|Any CPU
	EndGlobalSection
	GlobalSection(SolutionProperties) = preSolution
		HideSolutionNode = FALSE
	EndGlobalSection
EndGlobal
