
Microsoft Visual Studio Solution File, Format Version 11.00
# Visual Studio 2010
Project("{FAE04EC0-301F-11D3-BF4B-00C04F79EFBC}") = "UacElevate", "UacElevate.csproj", "{656DBE09-7161-431E-9C42-1639CDDD5BC5}"
EndProject
Global
	GlobalSection(SolutionConfigurationPlatforms) = preSolution
		Debug|Any CPU = Debug|Any CPU
		Release|Any CPU = Release|Any CPU
	EndGlobalSection
	GlobalSection(ProjectConfigurationPlatforms) = postSolution
		{656DBE09-7161-431E-9C42-1639CDDD5BC5}.Debug|Any CPU.ActiveCfg = Debug|Any CPU
		{656DBE09-7161-431E-9C42-1639CDDD5BC5}.Debug|Any CPU.Build.0 = Debug|Any CPU
		{656DBE09-7161-431E-9C42-1639CDDD5BC5}.Release|Any CPU.ActiveCfg = Release|Any CPU
		{656DBE09-7161-431E-9C42-1639CDDD5BC5}.Release|Any CPU.Build.0 = Release|Any CPU
	EndGlobalSection
	GlobalSection(SolutionProperties) = preSolution
		HideSolutionNode = FALSE
	EndGlobalSection
EndGlobal
